
Microsoft Visual Studio Solution File, Format Version 12.00
# Visual Studio Version 17
VisualStudioVersion = 17.7.34031.279
MinimumVisualStudioVersion = 10.0.40219.1
Project("{9A19103F-16F7-4668-BE54-9A1E7A4F7556}") = "EFCore_Activity", "EFCore_Activity\EFCore_Activity.csproj", "{3B1FEBE6-7E4D-4958-BE7C-D89AC10061B6}"
EndProject
Project("{9A19103F-16F7-4668-BE54-9A1E7A4F7556}") = "EFCore_DBLibrary", "EFCore_DBLibrary\EFCore_DBLibrary.csproj", "{39759D24-7698-4C2B-9976-E7B61F7F481A}"
EndProject
Project("{9A19103F-16F7-4668-BE54-9A1E7A4F7556}") = "InventoryModels", "InventoryModels\InventoryModels.csproj", "{43F92352-049C-4E15-876F-E245B4A53F5D}"
EndProject
Project("{9A19103F-16F7-4668-BE54-9A1E7A4F7556}") = "InventoryHelpers", "InventoryHelpers\InventoryHelpers.csproj", "{07C4AEFD-D9AD-42D0-8371-3556F9B230BE}"
EndProject
Project("{9A19103F-16F7-4668-BE54-9A1E7A4F7556}") = "InventoryDataMigrator", "InventoryDataMigrator\InventoryDataMigrator.csproj", "{782F536F-A285-4D4F-BC26-698309D46E04}"
EndProject
Project("{9A19103F-16F7-4668-BE54-9A1E7A4F7556}") = "InventoryDatabaseLayer", "InventoryDatabaseLayer\InventoryDatabaseLayer.csproj", "{FE007BFD-CB09-4717-8667-D7C9B42F8302}"
EndProject
Project("{9A19103F-16F7-4668-BE54-9A1E7A4F7556}") = "InventoryBusinessLayer", "InventoryBusinessLayer\InventoryBusinessLayer.csproj", "{7DA9DA69-ADE2-4D07-A0D7-30FE6B742F51}"
EndProject
Project("{9A19103F-16F7-4668-BE54-9A1E7A4F7556}") = "InventoryManagerUnitTests", "InventoryManagerUnitTests\InventoryManagerUnitTests.csproj", "{E1EE45F2-0C34-434D-BD8C-33C377504445}"
EndProject
Project("{FAE04EC0-301F-11D3-BF4B-00C04F79EFBC}") = "InventoryManagerIntegrationTests", "InventoryManagerIntegrationTests\InventoryManagerIntegrationTests.csproj", "{0263EBFA-D167-4E80-A36B-9C3B5E6C8139}"
EndProject
Global
	GlobalSection(SolutionConfigurationPlatforms) = preSolution
		Debug|Any CPU = Debug|Any CPU
		Release|Any CPU = Release|Any CPU
	EndGlobalSection
	GlobalSection(ProjectConfigurationPlatforms) = postSolution
		{3B1FEBE6-7E4D-4958-BE7C-D89AC10061B6}.Debug|Any CPU.ActiveCfg = Debug|Any CPU
		{3B1FEBE6-7E4D-4958-BE7C-D89AC10061B6}.Debug|Any CPU.Build.0 = Debug|Any CPU
		{3B1FEBE6-7E4D-4958-BE7C-D89AC10061B6}.Release|Any CPU.ActiveCfg = Release|Any CPU
		{3B1FEBE6-7E4D-4958-BE7C-D89AC10061B6}.Release|Any CPU.Build.0 = Release|Any CPU
		{39759D24-7698-4C2B-9976-E7B61F7F481A}.Debug|Any CPU.ActiveCfg = Debug|Any CPU
		{39759D24-7698-4C2B-9976-E7B61F7F481A}.Debug|Any CPU.Build.0 = Debug|Any CPU
		{39759D24-7698-4C2B-9976-E7B61F7F481A}.Release|Any CPU.ActiveCfg = Release|Any CPU
		{39759D24-7698-4C2B-9976-E7B61F7F481A}.Release|Any CPU.Build.0 = Release|Any CPU
		{43F92352-049C-4E15-876F-E245B4A53F5D}.Debug|Any CPU.ActiveCfg = Debug|Any CPU
		{43F92352-049C-4E15-876F-E245B4A53F5D}.Debug|Any CPU.Build.0 = Debug|Any CPU
		{43F92352-049C-4E15-876F-E245B4A53F5D}.Release|Any CPU.ActiveCfg = Release|Any CPU
		{43F92352-049C-4E15-876F-E245B4A53F5D}.Release|Any CPU.Build.0 = Release|Any CPU
		{07C4AEFD-D9AD-42D0-8371-3556F9B230BE}.Debug|Any CPU.ActiveCfg = Debug|Any CPU
		{07C4AEFD-D9AD-42D0-8371-3556F9B230BE}.Debug|Any CPU.Build.0 = Debug|Any CPU
		{07C4AEFD-D9AD-42D0-8371-3556F9B230BE}.Release|Any CPU.ActiveCfg = Release|Any CPU
		{07C4AEFD-D9AD-42D0-8371-3556F9B230BE}.Release|Any CPU.Build.0 = Release|Any CPU
		{782F536F-A285-4D4F-BC26-698309D46E04}.Debug|Any CPU.ActiveCfg = Debug|Any CPU
		{782F536F-A285-4D4F-BC26-698309D46E04}.Debug|Any CPU.Build.0 = Debug|Any CPU
		{782F536F-A285-4D4F-BC26-698309D46E04}.Release|Any CPU.ActiveCfg = Release|Any CPU
		{782F536F-A285-4D4F-BC26-698309D46E04}.Release|Any CPU.Build.0 = Release|Any CPU
		{FE007BFD-CB09-4717-8667-D7C9B42F8302}.Debug|Any CPU.ActiveCfg = Debug|Any CPU
		{FE007BFD-CB09-4717-8667-D7C9B42F8302}.Debug|Any CPU.Build.0 = Debug|Any CPU
		{FE007BFD-CB09-4717-8667-D7C9B42F8302}.Release|Any CPU.ActiveCfg = Release|Any CPU
		{FE007BFD-CB09-4717-8667-D7C9B42F8302}.Release|Any CPU.Build.0 = Release|Any CPU
		{7DA9DA69-ADE2-4D07-A0D7-30FE6B742F51}.Debug|Any CPU.ActiveCfg = Debug|Any CPU
		{7DA9DA69-ADE2-4D07-A0D7-30FE6B742F51}.Debug|Any CPU.Build.0 = Debug|Any CPU
		{7DA9DA69-ADE2-4D07-A0D7-30FE6B742F51}.Release|Any CPU.ActiveCfg = Release|Any CPU
		{7DA9DA69-ADE2-4D07-A0D7-30FE6B742F51}.Release|Any CPU.Build.0 = Release|Any CPU
		{E1EE45F2-0C34-434D-BD8C-33C377504445}.Debug|Any CPU.ActiveCfg = Debug|Any CPU
		{E1EE45F2-0C34-434D-BD8C-33C377504445}.Debug|Any CPU.Build.0 = Debug|Any CPU
		{E1EE45F2-0C34-434D-BD8C-33C377504445}.Release|Any CPU.ActiveCfg = Release|Any CPU
		{E1EE45F2-0C34-434D-BD8C-33C377504445}.Release|Any CPU.Build.0 = Release|Any CPU
		{0263EBFA-D167-4E80-A36B-9C3B5E6C8139}.Debug|Any CPU.ActiveCfg = Debug|Any CPU
		{0263EBFA-D167-4E80-A36B-9C3B5E6C8139}.Debug|Any CPU.Build.0 = Debug|Any CPU
		{0263EBFA-D167-4E80-A36B-9C3B5E6C8139}.Release|Any CPU.ActiveCfg = Release|Any CPU
		{0263EBFA-D167-4E80-A36B-9C3B5E6C8139}.Release|Any CPU.Build.0 = Release|Any CPU
	EndGlobalSection
	GlobalSection(SolutionProperties) = preSolution
		HideSolutionNode = FALSE
	EndGlobalSection
	GlobalSection(ExtensibilityGlobals) = postSolution
		SolutionGuid = {27F4579E-B01C-4405-AADD-B3BAC6C4FEEC}
	EndGlobalSection
EndGlobal
