
Microsoft Visual Studio Solution File, Format Version 12.00
# Visual Studio Version 17
VisualStudioVersion = 17.7.34031.279
MinimumVisualStudioVersion = 10.0.40219.1
Project("{FAE04EC0-301F-11D3-BF4B-00C04F79EFBC}") = "EFCore_Activity", "EFCore_Activity\EFCore_Activity.csproj", "{3B1FEBE6-7E4D-4958-BE7C-D89AC10061B6}"
EndProject
Project("{9A19103F-16F7-4668-BE54-9A1E7A4F7556}") = "EFCore_DBLibrary", "EFCore_DBLibrary\EFCore_DBLibrary.csproj", "{39759D24-7698-4C2B-9976-E7B61F7F481A}"
EndProject
Global
	GlobalSection(SolutionConfigurationPlatforms) = preSolution
		Debug|Any CPU = Debug|Any CPU
		Release|Any CPU = Release|Any CPU
	EndGlobalSection
	GlobalSection(ProjectConfigurationPlatforms) = postSolution
		{3B1FEBE6-7E4D-4958-BE7C-D89AC10061B6}.Debug|Any CPU.ActiveCfg = Debug|Any CPU
		{3B1FEBE6-7E4D-4958-BE7C-D89AC10061B6}.Debug|Any CPU.Build.0 = Debug|Any CPU
		{3B1FEBE6-7E4D-4958-BE7C-D89AC10061B6}.Release|Any CPU.ActiveCfg = Release|Any CPU
		{3B1FEBE6-7E4D-4958-BE7C-D89AC10061B6}.Release|Any CPU.Build.0 = Release|Any CPU
		{39759D24-7698-4C2B-9976-E7B61F7F481A}.Debug|Any CPU.ActiveCfg = Debug|Any CPU
		{39759D24-7698-4C2B-9976-E7B61F7F481A}.Debug|Any CPU.Build.0 = Debug|Any CPU
		{39759D24-7698-4C2B-9976-E7B61F7F481A}.Release|Any CPU.ActiveCfg = Release|Any CPU
		{39759D24-7698-4C2B-9976-E7B61F7F481A}.Release|Any CPU.Build.0 = Release|Any CPU
	EndGlobalSection
	GlobalSection(SolutionProperties) = preSolution
		HideSolutionNode = FALSE
	EndGlobalSection
	GlobalSection(ExtensibilityGlobals) = postSolution
		SolutionGuid = {27F4579E-B01C-4405-AADD-B3BAC6C4FEEC}
	EndGlobalSection
EndGlobal
